
Microsoft Visual Studio Solution File, Format Version 12.00
# Visual Studio Version 17
VisualStudioVersion = 17.6.33801.468
MinimumVisualStudioVersion = 10.0.40219.1
Project("{FAE04EC0-301F-11D3-BF4B-00C04F79EFBC}") = "carabini", "carabini\carabini.csproj", "{5C819268-1052-452B-96AC-CE83EA8C0549}"
EndProject
Project("{FAE04EC0-301F-11D3-BF4B-00C04F79EFBC}") = "test", "test\test.csproj", "{B808DC0A-1E27-47DA-A690-C5AC9008399B}"
EndProject
Global
	GlobalSection(SolutionConfigurationPlatforms) = preSolution
		Debug|Any CPU = Debug|Any CPU
		Release|Any CPU = Release|Any CPU
	EndGlobalSection
	GlobalSection(ProjectConfigurationPlatforms) = postSolution
		{5C819268-1052-452B-96AC-CE83EA8C0549}.Debug|Any CPU.ActiveCfg = Debug|Any CPU
		{5C819268-1052-452B-96AC-CE83EA8C0549}.Debug|Any CPU.Build.0 = Debug|Any CPU
		{5C819268-1052-452B-96AC-CE83EA8C0549}.Release|Any CPU.ActiveCfg = Release|Any CPU
		{5C819268-1052-452B-96AC-CE83EA8C0549}.Release|Any CPU.Build.0 = Release|Any CPU
		{B808DC0A-1E27-47DA-A690-C5AC9008399B}.Debug|Any CPU.ActiveCfg = Debug|Any CPU
		{B808DC0A-1E27-47DA-A690-C5AC9008399B}.Debug|Any CPU.Build.0 = Debug|Any CPU
		{B808DC0A-1E27-47DA-A690-C5AC9008399B}.Release|Any CPU.ActiveCfg = Release|Any CPU
		{B808DC0A-1E27-47DA-A690-C5AC9008399B}.Release|Any CPU.Build.0 = Release|Any CPU
	EndGlobalSection
	GlobalSection(SolutionProperties) = preSolution
		HideSolutionNode = FALSE
	EndGlobalSection
	GlobalSection(ExtensibilityGlobals) = postSolution
		SolutionGuid = {0EBE1BBD-967A-4E85-ADDD-701928360222}
	EndGlobalSection
EndGlobal
